
Microsoft Visual Studio Solution File, Format Version 12.00
# Visual Studio Version 16
VisualStudioVersion = 16.0.30523.141
MinimumVisualStudioVersion = 10.0.40219.1
Project("{FAE04EC0-301F-11D3-BF4B-00C04F79EFBC}") = "PrjLottery.Android", "PrjLottery\PrjLottery.Android\PrjLottery.Android.csproj", "{AA2B2757-A5D5-4ED4-8876-85696CEB16AA}"
EndProject
Project("{FAE04EC0-301F-11D3-BF4B-00C04F79EFBC}") = "PrjLottery.iOS", "PrjLottery\PrjLottery.iOS\PrjLottery.iOS.csproj", "{D8324433-80E5-451E-955F-6A0C4CEA6C63}"
EndProject
Project("{FAE04EC0-301F-11D3-BF4B-00C04F79EFBC}") = "PrjLottery", "PrjLottery\PrjLottery\PrjLottery.csproj", "{754697A4-06C7-4D40-BDAC-B03AF422EA40}"
EndProject
Global
	GlobalSection(SolutionConfigurationPlatforms) = preSolution
		Debug|Any CPU = Debug|Any CPU
		Debug|iPhone = Debug|iPhone
		Debug|iPhoneSimulator = Debug|iPhoneSimulator
		Release|Any CPU = Release|Any CPU
		Release|iPhone = Release|iPhone
		Release|iPhoneSimulator = Release|iPhoneSimulator
	EndGlobalSection
	GlobalSection(ProjectConfigurationPlatforms) = postSolution
		{AA2B2757-A5D5-4ED4-8876-85696CEB16AA}.Debug|Any CPU.ActiveCfg = Debug|Any CPU
		{AA2B2757-A5D5-4ED4-8876-85696CEB16AA}.Debug|Any CPU.Build.0 = Debug|Any CPU
		{AA2B2757-A5D5-4ED4-8876-85696CEB16AA}.Debug|Any CPU.Deploy.0 = Debug|Any CPU
		{AA2B2757-A5D5-4ED4-8876-85696CEB16AA}.Debug|iPhone.ActiveCfg = Debug|Any CPU
		{AA2B2757-A5D5-4ED4-8876-85696CEB16AA}.Debug|iPhone.Build.0 = Debug|Any CPU
		{AA2B2757-A5D5-4ED4-8876-85696CEB16AA}.Debug|iPhone.Deploy.0 = Debug|Any CPU
		{AA2B2757-A5D5-4ED4-8876-85696CEB16AA}.Debug|iPhoneSimulator.ActiveCfg = Debug|Any CPU
		{AA2B2757-A5D5-4ED4-8876-85696CEB16AA}.Debug|iPhoneSimulator.Build.0 = Debug|Any CPU
		{AA2B2757-A5D5-4ED4-8876-85696CEB16AA}.Debug|iPhoneSimulator.Deploy.0 = Debug|Any CPU
		{AA2B2757-A5D5-4ED4-8876-85696CEB16AA}.Release|Any CPU.ActiveCfg = Release|Any CPU
		{AA2B2757-A5D5-4ED4-8876-85696CEB16AA}.Release|Any CPU.Build.0 = Release|Any CPU
		{AA2B2757-A5D5-4ED4-8876-85696CEB16AA}.Release|Any CPU.Deploy.0 = Release|Any CPU
		{AA2B2757-A5D5-4ED4-8876-85696CEB16AA}.Release|iPhone.ActiveCfg = Release|Any CPU
		{AA2B2757-A5D5-4ED4-8876-85696CEB16AA}.Release|iPhone.Build.0 = Release|Any CPU
		{AA2B2757-A5D5-4ED4-8876-85696CEB16AA}.Release|iPhone.Deploy.0 = Release|Any CPU
		{AA2B2757-A5D5-4ED4-8876-85696CEB16AA}.Release|iPhoneSimulator.ActiveCfg = Release|Any CPU
		{AA2B2757-A5D5-4ED4-8876-85696CEB16AA}.Release|iPhoneSimulator.Build.0 = Release|Any CPU
		{AA2B2757-A5D5-4ED4-8876-85696CEB16AA}.Release|iPhoneSimulator.Deploy.0 = Release|Any CPU
		{D8324433-80E5-451E-955F-6A0C4CEA6C63}.Debug|Any CPU.ActiveCfg = Debug|iPhone
		{D8324433-80E5-451E-955F-6A0C4CEA6C63}.Debug|Any CPU.Build.0 = Debug|iPhone
		{D8324433-80E5-451E-955F-6A0C4CEA6C63}.Debug|Any CPU.Deploy.0 = Debug|iPhone
		{D8324433-80E5-451E-955F-6A0C4CEA6C63}.Debug|iPhone.ActiveCfg = Debug|iPhone
		{D8324433-80E5-451E-955F-6A0C4CEA6C63}.Debug|iPhone.Build.0 = Debug|iPhone
		{D8324433-80E5-451E-955F-6A0C4CEA6C63}.Debug|iPhone.Deploy.0 = Debug|iPhone
		{D8324433-80E5-451E-955F-6A0C4CEA6C63}.Debug|iPhoneSimulator.ActiveCfg = Debug|iPhoneSimulator
		{D8324433-80E5-451E-955F-6A0C4CEA6C63}.Debug|iPhoneSimulator.Build.0 = Debug|iPhoneSimulator
		{D8324433-80E5-451E-955F-6A0C4CEA6C63}.Debug|iPhoneSimulator.Deploy.0 = Debug|iPhoneSimulator
		{D8324433-80E5-451E-955F-6A0C4CEA6C63}.Release|Any CPU.ActiveCfg = Release|iPhoneSimulator
		{D8324433-80E5-451E-955F-6A0C4CEA6C63}.Release|Any CPU.Build.0 = Release|iPhoneSimulator
		{D8324433-80E5-451E-955F-6A0C4CEA6C63}.Release|Any CPU.Deploy.0 = Release|iPhoneSimulator
		{D8324433-80E5-451E-955F-6A0C4CEA6C63}.Release|iPhone.ActiveCfg = Release|iPhone
		{D8324433-80E5-451E-955F-6A0C4CEA6C63}.Release|iPhone.Build.0 = Release|iPhone
		{D8324433-80E5-451E-955F-6A0C4CEA6C63}.Release|iPhone.Deploy.0 = Release|iPhone
		{D8324433-80E5-451E-955F-6A0C4CEA6C63}.Release|iPhoneSimulator.ActiveCfg = Release|iPhoneSimulator
		{D8324433-80E5-451E-955F-6A0C4CEA6C63}.Release|iPhoneSimulator.Build.0 = Release|iPhoneSimulator
		{D8324433-80E5-451E-955F-6A0C4CEA6C63}.Release|iPhoneSimulator.Deploy.0 = Release|iPhoneSimulator
		{754697A4-06C7-4D40-BDAC-B03AF422EA40}.Debug|Any CPU.ActiveCfg = Debug|Any CPU
		{754697A4-06C7-4D40-BDAC-B03AF422EA40}.Debug|Any CPU.Build.0 = Debug|Any CPU
		{754697A4-06C7-4D40-BDAC-B03AF422EA40}.Debug|Any CPU.Deploy.0 = Debug|Any CPU
		{754697A4-06C7-4D40-BDAC-B03AF422EA40}.Debug|iPhone.ActiveCfg = Debug|Any CPU
		{754697A4-06C7-4D40-BDAC-B03AF422EA40}.Debug|iPhone.Build.0 = Debug|Any CPU
		{754697A4-06C7-4D40-BDAC-B03AF422EA40}.Debug|iPhone.Deploy.0 = Debug|Any CPU
		{754697A4-06C7-4D40-BDAC-B03AF422EA40}.Debug|iPhoneSimulator.ActiveCfg = Debug|Any CPU
		{754697A4-06C7-4D40-BDAC-B03AF422EA40}.Debug|iPhoneSimulator.Build.0 = Debug|Any CPU
		{754697A4-06C7-4D40-BDAC-B03AF422EA40}.Debug|iPhoneSimulator.Deploy.0 = Debug|Any CPU
		{754697A4-06C7-4D40-BDAC-B03AF422EA40}.Release|Any CPU.ActiveCfg = Release|Any CPU
		{754697A4-06C7-4D40-BDAC-B03AF422EA40}.Release|Any CPU.Build.0 = Release|Any CPU
		{754697A4-06C7-4D40-BDAC-B03AF422EA40}.Release|Any CPU.Deploy.0 = Release|Any CPU
		{754697A4-06C7-4D40-BDAC-B03AF422EA40}.Release|iPhone.ActiveCfg = Release|Any CPU
		{754697A4-06C7-4D40-BDAC-B03AF422EA40}.Release|iPhone.Build.0 = Release|Any CPU
		{754697A4-06C7-4D40-BDAC-B03AF422EA40}.Release|iPhone.Deploy.0 = Release|Any CPU
		{754697A4-06C7-4D40-BDAC-B03AF422EA40}.Release|iPhoneSimulator.ActiveCfg = Release|Any CPU
		{754697A4-06C7-4D40-BDAC-B03AF422EA40}.Release|iPhoneSimulator.Build.0 = Release|Any CPU
		{754697A4-06C7-4D40-BDAC-B03AF422EA40}.Release|iPhoneSimulator.Deploy.0 = Release|Any CPU
	EndGlobalSection
	GlobalSection(SolutionProperties) = preSolution
		HideSolutionNode = FALSE
	EndGlobalSection
	GlobalSection(ExtensibilityGlobals) = postSolution
		SolutionGuid = {4B2166E0-1310-472B-8363-DF47E81AAF28}
	EndGlobalSection
EndGlobal
